{
  "name": "typescript-backbone",
  "lockfileVersion": 3,
  "requires": true,
  "packages": {
    "": {
      "dependencies": {
        "backbone": "^1.1.2",
        "backbone.localstorage": "^1.1.16",
        "jquery": "^2.1.3",
        "lodash": "^3.1.0",
        "todomvc-app-css": "^2.0.0",
        "todomvc-common": "^1.0.1"
      },
      "devDependencies": {
        "typescript": "^1.4.0"
      }
    },
    "node_modules/backbone": {
      "version": "1.6.1",
      "resolved": "https://registry.npmjs.org/backbone/-/backbone-1.6.1.tgz",
      "integrity": "sha512-YQzWxOrIgL6BoFnZjThVN99smKYhyEXXFyJJ2lsF1wJLyo4t+QjmkLrH8/fN22FZ4ykF70Xq7PgTugJVR4zS9Q==",
      "license": "MIT",
      "dependencies": {
        "underscore": ">=1.8.3"
      }
    },
    "node_modules/backbone.localstorage": {
      "version": "1.1.16",
      "resolved": "https://registry.npmjs.org/backbone.localstorage/-/backbone.localstorage-1.1.16.tgz",
      "integrity": "sha512-NDj5FOI4ufqootUgLlGWMojuSSDEI+GTqLa+H9T5uZhD5lLT/gtfVE6Rt9unWZ8mGsZYHPTK7Mijfisc10LMEA==",
      "engines": {
        "node": "*"
      },
      "peerDependencies": {
        "backbone": "~1.x.x"
      }
    },
    "node_modules/jquery": {
      "version": "2.2.4",
      "resolved": "https://registry.npmjs.org/jquery/-/jquery-2.2.4.tgz",
      "integrity": "sha512-lBHj60ezci2u1v2FqnZIraShGgEXq35qCzMv4lITyHGppTnA13rwR0MgwyNJh9TnDs3aXUvd1xjAotfraMHX/Q==",
      "deprecated": "This version is deprecated. Please upgrade to the latest version or find support at https://www.herodevs.com/support/jquery-nes.",
      "license": "MIT"
    },
    "node_modules/lodash": {
      "version": "3.10.1",
      "resolved": "https://registry.npmjs.org/lodash/-/lodash-3.10.1.tgz",
      "integrity": "sha512-9mDDwqVIma6OZX79ZlDACZl8sBm0TEnkf99zV3iMA4GzkIT/9hiqP5mY0HoT1iNLCrKc/R1HByV+yJfRWVJryQ==",
      "license": "MIT"
    },
    "node_modules/todomvc-app-css": {
      "version": "2.4.3",
      "resolved": "https://registry.npmjs.org/todomvc-app-css/-/todomvc-app-css-2.4.3.tgz",
      "integrity": "sha512-mSnWZaKBWj9aQcFRsGguY/a8O8NR8GmecD48yU1rzwNemgZa/INLpIsxxMiToFGVth+uEKBrQ7IhWkaXZxwq5Q==",
      "license": "CC-BY-4.0",
      "engines": {
        "node": ">=4"
      }
    },
    "node_modules/todomvc-common": {
      "version": "1.0.5",
      "resolved": "https://registry.npmjs.org/todomvc-common/-/todomvc-common-1.0.5.tgz",
      "integrity": "sha512-D8kEJmxVMQIWwztEdH+WeiAfXRbbSCpgXq4NkYi+gduJ2tr8CNq7sYLfJvjpQ10KD9QxJwig57rvMbV2QAESwQ==",
      "license": "MIT"
    },
    "node_modules/typescript": {
      "version": "1.8.10",
      "resolved": "https://registry.npmjs.org/typescript/-/typescript-1.8.10.tgz",
      "integrity": "sha512-amAjhGr2ZKUcd3OpqmSWbyz57bveJcwLdVp4XY31zR3Lylq0ZG8MHAX4IpoJ5AypkdkKkMRRVoqY6lKWrR9uPQ==",
      "dev": true,
      "license": "Apache-2.0",
      "bin": {
        "tsc": "bin/tsc",
        "tsserver": "bin/tsserver"
      },
      "engines": {
        "node": ">=0.8.0"
      }
    },
    "node_modules/underscore": {
      "version": "1.13.7",
      "resolved": "https://registry.npmjs.org/underscore/-/underscore-1.13.7.tgz",
      "integrity": "sha512-GMXzWtsc57XAtguZgaQViUOzs0KTkk8ojr3/xAxXLITqf/3EMwxC0inyETfDFjH/Krbhuep0HNbbjI9i/q3F3g==",
      "license": "MIT"
    }
  }
}
