{
  "name": "exoskeleton",
  "lockfileVersion": 3,
  "requires": true,
  "packages": {
    "": {
      "dependencies": {
        "backbone.localstorage": "^1.1.16",
        "backbone.nativeview": "^0.3.2",
        "exoskeleton": "^0.7.0",
        "microtemplates": "^0.1.0",
        "todomvc-app-css": "^2.1.0",
        "todomvc-common": "^1.0.1"
      }
    },
    "node_modules/backbone": {
      "version": "1.6.1",
      "resolved": "https://registry.npmjs.org/backbone/-/backbone-1.6.1.tgz",
      "integrity": "sha512-YQzWxOrIgL6BoFnZjThVN99smKYhyEXXFyJJ2lsF1wJLyo4t+QjmkLrH8/fN22FZ4ykF70Xq7PgTugJVR4zS9Q==",
      "license": "MIT",
      "peer": true,
      "dependencies": {
        "underscore": ">=1.8.3"
      }
    },
    "node_modules/backbone.localstorage": {
      "version": "1.1.16",
      "resolved": "https://registry.npmjs.org/backbone.localstorage/-/backbone.localstorage-1.1.16.tgz",
      "integrity": "sha512-NDj5FOI4ufqootUgLlGWMojuSSDEI+GTqLa+H9T5uZhD5lLT/gtfVE6Rt9unWZ8mGsZYHPTK7Mijfisc10LMEA==",
      "engines": {
        "node": "*"
      },
      "peerDependencies": {
        "backbone": "~1.x.x"
      }
    },
    "node_modules/backbone.nativeview": {
      "version": "0.3.4",
      "resolved": "https://registry.npmjs.org/backbone.nativeview/-/backbone.nativeview-0.3.4.tgz",
      "integrity": "sha512-Lo2XUl2pnSs/i2rbk3lTip4WOq6VNakOGDrp3ClhHu6SwM7joipAQtQJrmkEScAiF7o3kZzP05MY1hy4eJtsug==",
      "engines": {
        "node": "*",
        "npm": "*"
      }
    },
    "node_modules/exoskeleton": {
      "version": "0.7.0",
      "resolved": "https://registry.npmjs.org/exoskeleton/-/exoskeleton-0.7.0.tgz",
      "integrity": "sha512-5wE3pEjIfT76LUSWDtin06s3skQ8RA4t8ERNGnF0a0RE/J3H1Sm+83GgqF9CPSxIBhmJHrK7SJRr16TJzXlU2w==",
      "deprecated": "Deprecated",
      "license": "MIT"
    },
    "node_modules/microtemplates": {
      "version": "0.1.0",
      "resolved": "https://registry.npmjs.org/microtemplates/-/microtemplates-0.1.0.tgz",
      "integrity": "sha512-pmNMqHnirIg1TEUnwtJrobbPgS5d3O7rI+gAouaaNHzeC2sowCEqxoiCqDkT+FgtR7xlvh1DXSuM/iXGBCeY5A==",
      "deprecated": "Deprecated",
      "license": "MIT"
    },
    "node_modules/todomvc-app-css": {
      "version": "2.4.3",
      "resolved": "https://registry.npmjs.org/todomvc-app-css/-/todomvc-app-css-2.4.3.tgz",
      "integrity": "sha512-mSnWZaKBWj9aQcFRsGguY/a8O8NR8GmecD48yU1rzwNemgZa/INLpIsxxMiToFGVth+uEKBrQ7IhWkaXZxwq5Q==",
      "license": "CC-BY-4.0",
      "engines": {
        "node": ">=4"
      }
    },
    "node_modules/todomvc-common": {
      "version": "1.0.5",
      "resolved": "https://registry.npmjs.org/todomvc-common/-/todomvc-common-1.0.5.tgz",
      "integrity": "sha512-D8kEJmxVMQIWwztEdH+WeiAfXRbbSCpgXq4NkYi+gduJ2tr8CNq7sYLfJvjpQ10KD9QxJwig57rvMbV2QAESwQ==",
      "license": "MIT"
    },
    "node_modules/underscore": {
      "version": "1.13.7",
      "resolved": "https://registry.npmjs.org/underscore/-/underscore-1.13.7.tgz",
      "integrity": "sha512-GMXzWtsc57XAtguZgaQViUOzs0KTkk8ojr3/xAxXLITqf/3EMwxC0inyETfDFjH/Krbhuep0HNbbjI9i/q3F3g==",
      "license": "MIT",
      "peer": true
    }
  }
}
